
Microsoft Visual Studio Solution File, Format Version 12.00
# Visual Studio 15
VisualStudioVersion = 15.0.27703.2035
MinimumVisualStudioVersion = 10.0.40219.1
Project("{9A19103F-16F7-4668-BE54-9A1E7A4F7556}") = "AngularBasic", "VisualStudioBasic\AngularBasic.csproj", "{D358C009-4431-462B-9506-B088E5A31885}"
EndProject
Global
	GlobalSection(SolutionConfigurationPlatforms) = preSolution
		Debug|Any CPU = Debug|Any CPU
		Release|Any CPU = Release|Any CPU
	EndGlobalSection
	GlobalSection(ProjectConfigurationPlatforms) = postSolution
		{D358C009-4431-462B-9506-B088E5A31885}.Debug|Any CPU.ActiveCfg = Debug|Any CPU
		{D358C009-4431-462B-9506-B088E5A31885}.Debug|Any CPU.Build.0 = Debug|Any CPU
		{D358C009-4431-462B-9506-B088E5A31885}.Release|Any CPU.ActiveCfg = Release|Any CPU
		{D358C009-4431-462B-9506-B088E5A31885}.Release|Any CPU.Build.0 = Release|Any CPU
	EndGlobalSection
	GlobalSection(SolutionProperties) = preSolution
		HideSolutionNode = FALSE
	EndGlobalSection
	GlobalSection(ExtensibilityGlobals) = postSolution
		SolutionGuid = {EBE810C8-4BE7-4537-A321-D63E5E2E7107}
	EndGlobalSection
EndGlobal
